# THIS IS AN AUTOGENERATED FILE. DO NOT EDIT THIS FILE DIRECTLY.
# yarn lockfile v1


ReasonglInterface@bsansouci/reasongl-interface, "ReasonglInterface@github:bsansouci/reasongl-interface":
  version "0.1.14"
  uid "05da91e183e9e5ccf6cc13f5c2e41bb7e897eb04"
  resolved "https://codeload.github.com/bsansouci/reasongl-interface/tar.gz/05da91e183e9e5ccf6cc13f5c2e41bb7e897eb04"

"ReasonglNative@github:bsansouci/reasongl-native":
  version "0.2.0"
  resolved "https://codeload.github.com/bsansouci/reasongl-native/tar.gz/7a5d18319d11938be0ceec54651d3593e16d132f"
  dependencies:
    ReasonglInterface bsansouci/reasongl-interface
    Tgls bsansouci/tgls
    Tsdl bsansouci/tsdl

"ReasonglWeb@github:bsansouci/reasongl-web":
  version "0.2.0"
  resolved "https://codeload.github.com/bsansouci/reasongl-web/tar.gz/91bd73b44bf5fa935a2d876c9a5fcb3faed2075c"
  dependencies:
    ReasonglInterface bsansouci/reasongl-interface
    gl-matrix "*"

"Reprocessing@file:./reprocessing":
  version "0.1.0"
  dependencies:
    ReasonglInterface "github:bsansouci/reasongl-interface"
    ReasonglNative "github:bsansouci/reasongl-native"
    ReasonglWeb "github:bsansouci/reasongl-web"
    matchenv bsansouci/matchenv

Tgls@bsansouci/tgls:
  version "0.8.4"
  resolved "https://codeload.github.com/bsansouci/tgls/tar.gz/45ca252012060f1f96f85361776815eeb8b26b8c"

Tsdl@bsansouci/tsdl:
  version "0.9.1"
  resolved "https://codeload.github.com/bsansouci/tsdl/tar.gz/ff6f02470778999ebdf9868f36bb3058ca6deb23"
  dependencies:
    sdl2 bsansouci/SDL-mirror#bsb-support

bs-platform@bsansouci/bsb-native:
  version "2.1.1"
  resolved "https://codeload.github.com/bsansouci/bsb-native/tar.gz/89a66ae4cf3f7c0a501526fd081861f7bba47ea3"

gl-matrix@*:
  version "2.4.0"
  resolved "https://registry.yarnpkg.com/gl-matrix/-/gl-matrix-2.4.0.tgz#2089b13301a29eec822d9d99dffc1f78ee9a3c50"

matchenv@bsansouci/matchenv:
  version "0.1.0"
  resolved "https://codeload.github.com/bsansouci/matchenv/tar.gz/d01edc5993de1cdf04f857e466b3d2e19e5d2e22"
  dependencies:
    bs-platform bsansouci/bsb-native

sdl2@bsansouci/SDL-mirror#bsb-support:
  version "2.0.5"
  resolved "https://codeload.github.com/bsansouci/SDL-mirror/tar.gz/436449d6406ee0185737aedae1b8ddbb4c6d81a9"
