# THIS IS AN AUTOGENERATED FILE. DO NOT EDIT THIS FILE DIRECTLY.
# yarn lockfile v1


ReasonglInterface@bsansouci/reasongl-interface, "ReasonglInterface@github:bsansouci/reasongl-interface":
  version "0.1.14"
  uid "5d24098d575d9d7ed3c7595f63c34e1899650d9a"
  resolved "https://codeload.github.com/bsansouci/reasongl-interface/tar.gz/5d24098d575d9d7ed3c7595f63c34e1899650d9a"

"ReasonglNative@github:bsansouci/reasongl-native":
  version "0.2.0"
  resolved "https://codeload.github.com/bsansouci/reasongl-native/tar.gz/951b7b9b9d741d045b70825ca245a856bb91f217"
  dependencies:
    ReasonglInterface bsansouci/reasongl-interface
    Tgls bsansouci/tgls
    Tsdl bsansouci/tsdl

"ReasonglWeb@github:bsansouci/reasongl-web":
  version "0.2.0"
  resolved "https://codeload.github.com/bsansouci/reasongl-web/tar.gz/d5d6cedaddfc81e1de9e05851ba34b1e44b4b166"
  dependencies:
    ReasonglInterface bsansouci/reasongl-interface
    gl-matrix "*"

Reprocessing@schmavery/reprocessing:
  version "0.1.0"
  resolved "https://codeload.github.com/schmavery/reprocessing/tar.gz/b078b1e14c1e34d9e3084bad8f59734d92c1401a"
  dependencies:
    ReasonglInterface "github:bsansouci/reasongl-interface"
    ReasonglNative "github:bsansouci/reasongl-native"
    ReasonglWeb "github:bsansouci/reasongl-web"
    matchenv bsansouci/matchenv

Tgls@bsansouci/tgls:
  version "0.8.4"
  resolved "https://codeload.github.com/bsansouci/tgls/tar.gz/45ca252012060f1f96f85361776815eeb8b26b8c"

Tsdl@bsansouci/tsdl:
  version "0.9.1"
  resolved "https://codeload.github.com/bsansouci/tsdl/tar.gz/7a517a7284c8947559b3a0df17f085a878ead3de"
  dependencies:
    sdl2 bsansouci/SDL-mirror#bsb-support

bs-platform@^2.0.1:
  version "2.1.0"
  resolved "https://registry.yarnpkg.com/bs-platform/-/bs-platform-2.1.0.tgz#63560ff8f7142c9c0631559df1c35590b9f6d8b2"

bs-platform@bsansouci/bsb-native:
  version "2.0.1"
  resolved "https://codeload.github.com/bsansouci/bsb-native/tar.gz/960cf28a4cfea66897d554e014baa98aeb466a33"

gl-matrix@*:
  version "2.4.0"
  resolved "https://registry.yarnpkg.com/gl-matrix/-/gl-matrix-2.4.0.tgz#2089b13301a29eec822d9d99dffc1f78ee9a3c50"

matchenv@bsansouci/matchenv:
  version "0.1.0"
  resolved "https://codeload.github.com/bsansouci/matchenv/tar.gz/b03280f9127504a57b16bf202c109ed353749044"
  dependencies:
    bs-platform bsansouci/bsb-native

sdl2@bsansouci/SDL-mirror#bsb-support:
  version "2.0.5"
  resolved "https://codeload.github.com/bsansouci/SDL-mirror/tar.gz/718de31be1f66ad465574173caac82e01b2af982"
